{
  "name": "e3dc-matter-bridge",
  "version": "5.4.3",
  "lockfileVersion": 3,
  "requires": true,
  "packages": {
    "": {
      "name": "e3dc-matter-bridge",
      "version": "5.4.3",
      "dependencies": {
        "@project-chip/matter-node.js": "0.12.6",
        "@project-chip/matter.js": "0.12.6"
      }
    },
    "node_modules/@matter/general": {
      "version": "0.12.6",
      "resolved": "https://registry.npmjs.org/@matter/general/-/general-0.12.6.tgz",
      "integrity": "sha512-LBFDgCb+LKF27iXCDzlUTHE2S1oEg9OyC0xtJxuWH7ZvNTHKxfsjnkNFRl6/WV9xFN1xKbpAF/0XBTq3Mrhf9A==",
      "dependencies": {
        "@noble/curves": "^1.8.1"
      }
    },
    "node_modules/@matter/model": {
      "version": "0.12.6",
      "resolved": "https://registry.npmjs.org/@matter/model/-/model-0.12.6.tgz",
      "integrity": "sha512-Ry9VEbbyZgdo5mrkA9WcZ8e3B7e0P5Kvpsl5KEEw4ezqT9yzDwGOy/pwDMKZHx9u9eW8izx9e5S4Y98aaahjrw==",
      "dependencies": {
        "@matter/general": "0.12.6",
        "@noble/curves": "^1.8.1"
      }
    },
    "node_modules/@matter/node": {
      "version": "0.12.6",
      "resolved": "https://registry.npmjs.org/@matter/node/-/node-0.12.6.tgz",
      "integrity": "sha512-PX9+IQ8vxDI2tW17bViO6k07AslwqPuccg3dL6aCVbjh5S2XHJVXs0Yj0D32v900UY7VG/cklLL8ptlA4T+jrA==",
      "dependencies": {
        "@matter/general": "0.12.6",
        "@matter/model": "0.12.6",
        "@matter/protocol": "0.12.6",
        "@matter/types": "0.12.6",
        "@noble/curves": "^1.8.1"
      }
    },
    "node_modules/@matter/nodejs": {
      "version": "0.12.6",
      "resolved": "https://registry.npmjs.org/@matter/nodejs/-/nodejs-0.12.6.tgz",
      "integrity": "sha512-hECQcOdP2U8nWrjtwPFhkJjjigPSpUTXESEb3x9I8JS0LyYZsPr/s3yrrs+k89Wj7h9IWSvtZjaDBvqpxwQZ/Q==",
      "dependencies": {
        "@matter/general": "0.12.6",
        "@matter/node": "0.12.6",
        "@matter/protocol": "0.12.6",
        "@matter/types": "0.12.6",
        "node-localstorage": "^3.0.5"
      },
      "engines": {
        "node": ">=18.0.0"
      }
    },
    "node_modules/@matter/protocol": {
      "version": "0.12.6",
      "resolved": "https://registry.npmjs.org/@matter/protocol/-/protocol-0.12.6.tgz",
      "integrity": "sha512-j4oIxkxBskzsPJhcrxBH4KOCZQlEV3oxE6F//UQwQ6gIpFhTE1Z1wSPTYRMZi75Givd+8kcZWJlJJEfUPDWomg==",
      "dependencies": {
        "@matter/general": "0.12.6",
        "@matter/model": "0.12.6",
        "@matter/types": "0.12.6",
        "@noble/curves": "^1.8.1"
      }
    },
    "node_modules/@matter/types": {
      "version": "0.12.6",
      "resolved": "https://registry.npmjs.org/@matter/types/-/types-0.12.6.tgz",
      "integrity": "sha512-IpOmp/KEfUJebxGIRgGI/bUZ5vCbN+zjSU32xgXDTM7Nr1QBFAO8E3ecnFgN/RHn1XW6NdTSewOXIZSW2eAxQA==",
      "dependencies": {
        "@matter/general": "0.12.6",
        "@matter/model": "0.12.6",
        "@noble/curves": "^1.8.1"
      }
    },
    "node_modules/@noble/curves": {
      "version": "1.9.7",
      "resolved": "https://registry.npmjs.org/@noble/curves/-/curves-1.9.7.tgz",
      "integrity": "sha512-gbKGcRUYIjA3/zCCNaWDciTMFI0dCkvou3TL8Zmy5Nc7sJ47a0jtOeZoTaMxkuqRo9cRhjOdZJXegxYE5FN/xw==",
      "dependencies": {
        "@noble/hashes": "1.8.0"
      },
      "engines": {
        "node": "^14.21.3 || >=16"
      },
      "funding": {
        "url": "https://paulmillr.com/funding/"
      }
    },
    "node_modules/@noble/hashes": {
      "version": "1.8.0",
      "resolved": "https://registry.npmjs.org/@noble/hashes/-/hashes-1.8.0.tgz",
      "integrity": "sha512-jCs9ldd7NwzpgXDIf6P3+NrHh9/sD6CQdxHyjQI+h/6rDNo88ypBxxz45UDuZHz9r3tNz7N/VInSVoVdtXEI4A==",
      "engines": {
        "node": "^14.21.3 || >=16"
      },
      "funding": {
        "url": "https://paulmillr.com/funding/"
      }
    },
    "node_modules/@project-chip/matter-node.js": {
      "version": "0.12.6",
      "resolved": "https://registry.npmjs.org/@project-chip/matter-node.js/-/matter-node.js-0.12.6.tgz",
      "integrity": "sha512-ZEL3QP/HB0Udha2myfa25cwIoI+/MutaT8a+jbzvUDmJqJB/H+MsDxJPQLVOV4bxg+RPKwZ0zhTMggPwmlOpzQ==",
      "dependencies": {
        "@matter/general": "0.12.6",
        "@matter/nodejs": "0.12.6",
        "@matter/types": "0.12.6",
        "@project-chip/matter.js": "0.12.6"
      },
      "engines": {
        "node": ">=18.0.0"
      }
    },
    "node_modules/@project-chip/matter.js": {
      "version": "0.12.6",
      "resolved": "https://registry.npmjs.org/@project-chip/matter.js/-/matter.js-0.12.6.tgz",
      "integrity": "sha512-Py93Ymqr1jpsJQkLKyGk6vxOhkdl4ONLXEsUAoHemCsIddB1gVWtyhTju0UBTH+sbXmHFvTpJ6x3ru+XpGOvAA==",
      "dependencies": {
        "@matter/general": "0.12.6",
        "@matter/model": "0.12.6",
        "@matter/node": "0.12.6",
        "@matter/protocol": "0.12.6",
        "@matter/types": "0.12.6",
        "@noble/curves": "^1.8.1"
      }
    },
    "node_modules/imurmurhash": {
      "version": "0.1.4",
      "resolved": "https://registry.npmjs.org/imurmurhash/-/imurmurhash-0.1.4.tgz",
      "integrity": "sha512-JmXMZ6wuvDmLiHEml9ykzqO6lwFbof0GG4IkcGaENdCRDDmMVnny7s5HsIgHCbaq0w2MyPhDqkhTUgS2LU2PHA==",
      "engines": {
        "node": ">=0.8.19"
      }
    },
    "node_modules/node-localstorage": {
      "version": "3.0.5",
      "resolved": "https://registry.npmjs.org/node-localstorage/-/node-localstorage-3.0.5.tgz",
      "integrity": "sha512-GCwtK33iwVXboZWYcqQHu3aRvXEBwmPkAMRBLeaX86ufhqslyUkLGsi4aW3INEfdQYpUB5M9qtYf3eHvAk2VBg==",
      "dependencies": {
        "write-file-atomic": "^5.0.1"
      },
      "engines": {
        "node": ">=0.12"
      }
    },
    "node_modules/signal-exit": {
      "version": "4.1.0",
      "resolved": "https://registry.npmjs.org/signal-exit/-/signal-exit-4.1.0.tgz",
      "integrity": "sha512-bzyZ1e88w9O1iNJbKnOlvYTrWPDl46O1bG0D3XInv+9tkPrxrN8jUUTiFlDkkmKWgn1M6CfIA13SuGqOa9Korw==",
      "engines": {
        "node": ">=14"
      },
      "funding": {
        "url": "https://github.com/sponsors/isaacs"
      }
    },
    "node_modules/write-file-atomic": {
      "version": "5.0.1",
      "resolved": "https://registry.npmjs.org/write-file-atomic/-/write-file-atomic-5.0.1.tgz",
      "integrity": "sha512-+QU2zd6OTD8XWIJCbffaiQeH9U73qIqafo1x6V1snCWYGJf6cVE0cDR4D8xRzcEnfI21IFrUPzPGtcPf8AC+Rw==",
      "dependencies": {
        "imurmurhash": "^0.1.4",
        "signal-exit": "^4.0.1"
      },
      "engines": {
        "node": "^14.17.0 || ^16.13.0 || >=18.0.0"
      }
    }
  }
}
